
Microsoft Visual Studio Solution File, Format Version 12.00
# Visual Studio 2012
Project("{FAE04EC0-301F-11D3-BF4B-00C04F79EFBC}") = "RealmThread.Portable", "RealmThread.Portable\RealmThread.Portable.csproj", "{5876E235-5BC5-42BE-87A9-514A708CAB81}"
EndProject
Project("{D954291E-2A0B-460D-934E-DC6B0785DB48}") = "RealmThread.Shared", "RealmThread.Shared\RealmThread.Shared.shproj", "{0005A9B5-F459-4E63-9376-C46AA24545FD}"
EndProject
Project("{FAE04EC0-301F-11D3-BF4B-00C04F79EFBC}") = "RealmThread.iOS", "RealmThread.iOS\RealmThread.iOS.csproj", "{7E25B8AA-5D8E-4838-8BD6-1FB429F78011}"
EndProject
Project("{FAE04EC0-301F-11D3-BF4B-00C04F79EFBC}") = "RealmThread.Android", "RealmThread.Android\RealmThread.Android.csproj", "{191044CD-4640-4597-A282-EBCC2EDBCCD0}"
EndProject
Project("{2150E333-8FDC-42A3-9474-1A3956D46DE8}") = "RealmThread", "RealmThread", "{FF88C12B-BADA-41BB-B3A5-99A02719D083}"
EndProject
Project("{D954291E-2A0B-460D-934E-DC6B0785DB48}") = "RealmThread.Tests.Shared", "RealmThread.Tests.Shared\RealmThread.Tests.Shared.shproj", "{41007865-C491-4E20-90CB-68E08F5642C8}"
EndProject
Project("{FAE04EC0-301F-11D3-BF4B-00C04F79EFBC}") = "RealmThread.Tests.iOS", "RealmThread.Tests.iOS\RealmThread.Tests.iOS.csproj", "{AB23EA4C-1E33-426D-8140-623AA1112933}"
EndProject
Project("{2150E333-8FDC-42A3-9474-1A3956D46DE8}") = "RealmThread.Tests", "RealmThread.Tests", "{1F6939EF-731F-4D37-B894-0A1A2C3D37BB}"
EndProject
Project("{FAE04EC0-301F-11D3-BF4B-00C04F79EFBC}") = "RealmThread.Tests.Android", "RealmThread.Tests.Android\RealmThread.Tests.Android.csproj", "{BC390FFC-A939-40AA-87AB-8BD3F360FD20}"
EndProject
Project("{2150E333-8FDC-42A3-9474-1A3956D46DE8}") = "Solution Items", "Solution Items", "{B8CAACC4-FA36-4636-9073-D2CD76BDC4B1}"
	ProjectSection(SolutionItems) = preProject
		..\build.cake = ..\build.cake
		..\build.sh = ..\build.sh
		CommonAssemblyInfo.cs = CommonAssemblyInfo.cs
		..\README.md = ..\README.md
		..\appveyor.yml = ..\appveyor.yml
		..\GitVersion.yml = ..\GitVersion.yml
		..\GitReleaseManager.yaml = ..\GitReleaseManager.yaml
		SushiHangover.RealmThread.nuspec = SushiHangover.RealmThread.nuspec
	EndProjectSection
EndProject
Project("{FAE04EC0-301F-11D3-BF4B-00C04F79EFBC}") = "RealmThread.NugetTest", "Nuget.Test\RealmThread.NugetTest\RealmThread.NugetTest.csproj", "{EFB9D1AC-A80B-4264-BC64-1145520F4024}"
EndProject
Project("{FAE04EC0-301F-11D3-BF4B-00C04F79EFBC}") = "RealmThread.NugetTest.iOS", "Nuget.Test\iOS\RealmThread.NugetTest.iOS.csproj", "{4D552713-4321-4406-B042-A436C7A01F0C}"
EndProject
Project("{FAE04EC0-301F-11D3-BF4B-00C04F79EFBC}") = "RealmThread.NugetTest.Droid", "Nuget.Test\Droid\RealmThread.NugetTest.Droid.csproj", "{8F10F4A6-47A9-43BE-89AF-0018CB9E2789}"
EndProject
Project("{2150E333-8FDC-42A3-9474-1A3956D46DE8}") = "Nuget.Test", "Nuget.Test", "{C9A33F2B-52DB-45DA-9D84-DD42AC79EAC5}"
EndProject
Project("{D954291E-2A0B-460D-934E-DC6B0785DB48}") = "RealmThread.Portable.Shared", "RealmThread.Portable.Shared\RealmThread.Portable.Shared.shproj", "{9222A13F-561B-431E-8A00-5B266C2BC901}"
EndProject
Global
	GlobalSection(SolutionConfigurationPlatforms) = preSolution
		Debug|Any CPU = Debug|Any CPU
		Release|Any CPU = Release|Any CPU
		Debug|iPhoneSimulator = Debug|iPhoneSimulator
		Release|iPhone = Release|iPhone
		Release|iPhoneSimulator = Release|iPhoneSimulator
		Debug|iPhone = Debug|iPhone
		UnitTesting|Any CPU = UnitTesting|Any CPU
		UnitTesting|iPhoneSimulator = UnitTesting|iPhoneSimulator
	EndGlobalSection
	GlobalSection(ProjectConfigurationPlatforms) = postSolution
		{5876E235-5BC5-42BE-87A9-514A708CAB81}.Debug|Any CPU.ActiveCfg = Debug|Any CPU
		{5876E235-5BC5-42BE-87A9-514A708CAB81}.Debug|Any CPU.Build.0 = Debug|Any CPU
		{5876E235-5BC5-42BE-87A9-514A708CAB81}.Release|Any CPU.ActiveCfg = Release|Any CPU
		{5876E235-5BC5-42BE-87A9-514A708CAB81}.Release|Any CPU.Build.0 = Release|Any CPU
		{5876E235-5BC5-42BE-87A9-514A708CAB81}.Debug|iPhoneSimulator.ActiveCfg = Debug|Any CPU
		{5876E235-5BC5-42BE-87A9-514A708CAB81}.Debug|iPhoneSimulator.Build.0 = Debug|Any CPU
		{5876E235-5BC5-42BE-87A9-514A708CAB81}.Release|iPhone.ActiveCfg = Release|Any CPU
		{5876E235-5BC5-42BE-87A9-514A708CAB81}.Release|iPhone.Build.0 = Release|Any CPU
		{5876E235-5BC5-42BE-87A9-514A708CAB81}.Release|iPhoneSimulator.ActiveCfg = Release|Any CPU
		{5876E235-5BC5-42BE-87A9-514A708CAB81}.Release|iPhoneSimulator.Build.0 = Release|Any CPU
		{5876E235-5BC5-42BE-87A9-514A708CAB81}.Debug|iPhone.ActiveCfg = Debug|Any CPU
		{5876E235-5BC5-42BE-87A9-514A708CAB81}.Debug|iPhone.Build.0 = Debug|Any CPU
		{5876E235-5BC5-42BE-87A9-514A708CAB81}.UnitTesting|iPhoneSimulator.ActiveCfg = Release|Any CPU
		{5876E235-5BC5-42BE-87A9-514A708CAB81}.UnitTesting|iPhoneSimulator.Build.0 = Release|Any CPU
		{7E25B8AA-5D8E-4838-8BD6-1FB429F78011}.Debug|Any CPU.ActiveCfg = Debug|Any CPU
		{7E25B8AA-5D8E-4838-8BD6-1FB429F78011}.Debug|Any CPU.Build.0 = Debug|Any CPU
		{7E25B8AA-5D8E-4838-8BD6-1FB429F78011}.Release|Any CPU.ActiveCfg = Release|Any CPU
		{7E25B8AA-5D8E-4838-8BD6-1FB429F78011}.Release|Any CPU.Build.0 = Release|Any CPU
		{7E25B8AA-5D8E-4838-8BD6-1FB429F78011}.Debug|iPhoneSimulator.ActiveCfg = Debug|Any CPU
		{7E25B8AA-5D8E-4838-8BD6-1FB429F78011}.Debug|iPhoneSimulator.Build.0 = Debug|Any CPU
		{7E25B8AA-5D8E-4838-8BD6-1FB429F78011}.Release|iPhone.ActiveCfg = Release|Any CPU
		{7E25B8AA-5D8E-4838-8BD6-1FB429F78011}.Release|iPhone.Build.0 = Release|Any CPU
		{7E25B8AA-5D8E-4838-8BD6-1FB429F78011}.Release|iPhoneSimulator.ActiveCfg = Release|Any CPU
		{7E25B8AA-5D8E-4838-8BD6-1FB429F78011}.Release|iPhoneSimulator.Build.0 = Release|Any CPU
		{7E25B8AA-5D8E-4838-8BD6-1FB429F78011}.Debug|iPhone.ActiveCfg = Debug|Any CPU
		{7E25B8AA-5D8E-4838-8BD6-1FB429F78011}.Debug|iPhone.Build.0 = Debug|Any CPU
		{7E25B8AA-5D8E-4838-8BD6-1FB429F78011}.UnitTesting|iPhoneSimulator.ActiveCfg = Release|Any CPU
		{7E25B8AA-5D8E-4838-8BD6-1FB429F78011}.UnitTesting|iPhoneSimulator.Build.0 = Release|Any CPU
		{191044CD-4640-4597-A282-EBCC2EDBCCD0}.Debug|Any CPU.ActiveCfg = Debug|Any CPU
		{191044CD-4640-4597-A282-EBCC2EDBCCD0}.Debug|Any CPU.Build.0 = Debug|Any CPU
		{191044CD-4640-4597-A282-EBCC2EDBCCD0}.Release|Any CPU.ActiveCfg = Release|Any CPU
		{191044CD-4640-4597-A282-EBCC2EDBCCD0}.Release|Any CPU.Build.0 = Release|Any CPU
		{191044CD-4640-4597-A282-EBCC2EDBCCD0}.Debug|iPhoneSimulator.ActiveCfg = Debug|Any CPU
		{191044CD-4640-4597-A282-EBCC2EDBCCD0}.Debug|iPhoneSimulator.Build.0 = Debug|Any CPU
		{191044CD-4640-4597-A282-EBCC2EDBCCD0}.Release|iPhone.ActiveCfg = Release|Any CPU
		{191044CD-4640-4597-A282-EBCC2EDBCCD0}.Release|iPhone.Build.0 = Release|Any CPU
		{191044CD-4640-4597-A282-EBCC2EDBCCD0}.Release|iPhoneSimulator.ActiveCfg = Release|Any CPU
		{191044CD-4640-4597-A282-EBCC2EDBCCD0}.Release|iPhoneSimulator.Build.0 = Release|Any CPU
		{191044CD-4640-4597-A282-EBCC2EDBCCD0}.Debug|iPhone.ActiveCfg = Debug|Any CPU
		{191044CD-4640-4597-A282-EBCC2EDBCCD0}.Debug|iPhone.Build.0 = Debug|Any CPU
		{191044CD-4640-4597-A282-EBCC2EDBCCD0}.UnitTesting|iPhoneSimulator.ActiveCfg = Release|Any CPU
		{191044CD-4640-4597-A282-EBCC2EDBCCD0}.UnitTesting|iPhoneSimulator.Build.0 = Release|Any CPU
		{AB23EA4C-1E33-426D-8140-623AA1112933}.Debug|Any CPU.ActiveCfg = Debug|iPhoneSimulator
		{AB23EA4C-1E33-426D-8140-623AA1112933}.Debug|Any CPU.Build.0 = Debug|iPhoneSimulator
		{AB23EA4C-1E33-426D-8140-623AA1112933}.Release|Any CPU.ActiveCfg = Release|iPhone
		{AB23EA4C-1E33-426D-8140-623AA1112933}.Debug|iPhoneSimulator.ActiveCfg = Debug|iPhoneSimulator
		{AB23EA4C-1E33-426D-8140-623AA1112933}.Debug|iPhoneSimulator.Build.0 = Debug|iPhoneSimulator
		{AB23EA4C-1E33-426D-8140-623AA1112933}.Release|iPhone.ActiveCfg = Release|iPhone
		{AB23EA4C-1E33-426D-8140-623AA1112933}.Release|iPhone.Build.0 = Release|iPhone
		{AB23EA4C-1E33-426D-8140-623AA1112933}.Release|iPhoneSimulator.ActiveCfg = Release|iPhoneSimulator
		{AB23EA4C-1E33-426D-8140-623AA1112933}.Release|iPhoneSimulator.Build.0 = Release|iPhoneSimulator
		{AB23EA4C-1E33-426D-8140-623AA1112933}.Debug|iPhone.ActiveCfg = Debug|iPhone
		{AB23EA4C-1E33-426D-8140-623AA1112933}.Debug|iPhone.Build.0 = Debug|iPhone
		{AB23EA4C-1E33-426D-8140-623AA1112933}.UnitTesting|iPhoneSimulator.ActiveCfg = UnitTesting|iPhoneSimulator
		{AB23EA4C-1E33-426D-8140-623AA1112933}.UnitTesting|iPhoneSimulator.Build.0 = UnitTesting|iPhoneSimulator
		{BC390FFC-A939-40AA-87AB-8BD3F360FD20}.Debug|Any CPU.ActiveCfg = Debug|Any CPU
		{BC390FFC-A939-40AA-87AB-8BD3F360FD20}.Debug|Any CPU.Build.0 = Debug|Any CPU
		{BC390FFC-A939-40AA-87AB-8BD3F360FD20}.Release|Any CPU.ActiveCfg = Release|Any CPU
		{BC390FFC-A939-40AA-87AB-8BD3F360FD20}.Debug|iPhoneSimulator.ActiveCfg = Debug|Any CPU
		{BC390FFC-A939-40AA-87AB-8BD3F360FD20}.Debug|iPhoneSimulator.Build.0 = Debug|Any CPU
		{BC390FFC-A939-40AA-87AB-8BD3F360FD20}.Release|iPhone.ActiveCfg = Release|Any CPU
		{BC390FFC-A939-40AA-87AB-8BD3F360FD20}.Release|iPhone.Build.0 = Release|Any CPU
		{BC390FFC-A939-40AA-87AB-8BD3F360FD20}.Release|iPhoneSimulator.ActiveCfg = Release|Any CPU
		{BC390FFC-A939-40AA-87AB-8BD3F360FD20}.Release|iPhoneSimulator.Build.0 = Release|Any CPU
		{BC390FFC-A939-40AA-87AB-8BD3F360FD20}.Debug|iPhone.ActiveCfg = Debug|Any CPU
		{BC390FFC-A939-40AA-87AB-8BD3F360FD20}.Debug|iPhone.Build.0 = Debug|Any CPU
		{BC390FFC-A939-40AA-87AB-8BD3F360FD20}.UnitTesting|iPhoneSimulator.ActiveCfg = Release|Any CPU
		{BC390FFC-A939-40AA-87AB-8BD3F360FD20}.UnitTesting|iPhoneSimulator.Build.0 = Release|Any CPU
		{EFB9D1AC-A80B-4264-BC64-1145520F4024}.Debug|Any CPU.ActiveCfg = Debug|Any CPU
		{EFB9D1AC-A80B-4264-BC64-1145520F4024}.Release|Any CPU.ActiveCfg = Release|Any CPU
		{EFB9D1AC-A80B-4264-BC64-1145520F4024}.Debug|iPhoneSimulator.ActiveCfg = Debug|Any CPU
		{EFB9D1AC-A80B-4264-BC64-1145520F4024}.Debug|iPhoneSimulator.Build.0 = Debug|Any CPU
		{EFB9D1AC-A80B-4264-BC64-1145520F4024}.Release|iPhone.ActiveCfg = Release|Any CPU
		{EFB9D1AC-A80B-4264-BC64-1145520F4024}.Release|iPhone.Build.0 = Release|Any CPU
		{EFB9D1AC-A80B-4264-BC64-1145520F4024}.Release|iPhoneSimulator.ActiveCfg = Release|Any CPU
		{EFB9D1AC-A80B-4264-BC64-1145520F4024}.Release|iPhoneSimulator.Build.0 = Release|Any CPU
		{EFB9D1AC-A80B-4264-BC64-1145520F4024}.Debug|iPhone.ActiveCfg = Debug|Any CPU
		{EFB9D1AC-A80B-4264-BC64-1145520F4024}.Debug|iPhone.Build.0 = Debug|Any CPU
		{EFB9D1AC-A80B-4264-BC64-1145520F4024}.UnitTesting|iPhoneSimulator.ActiveCfg = Debug|Any CPU
		{4D552713-4321-4406-B042-A436C7A01F0C}.Debug|Any CPU.ActiveCfg = Debug|iPhoneSimulator
		{4D552713-4321-4406-B042-A436C7A01F0C}.Release|Any CPU.ActiveCfg = Release|iPhone
		{4D552713-4321-4406-B042-A436C7A01F0C}.Debug|iPhoneSimulator.ActiveCfg = Debug|iPhoneSimulator
		{4D552713-4321-4406-B042-A436C7A01F0C}.Debug|iPhoneSimulator.Build.0 = Debug|iPhoneSimulator
		{4D552713-4321-4406-B042-A436C7A01F0C}.Release|iPhone.ActiveCfg = Release|iPhone
		{4D552713-4321-4406-B042-A436C7A01F0C}.Release|iPhone.Build.0 = Release|iPhone
		{4D552713-4321-4406-B042-A436C7A01F0C}.Release|iPhoneSimulator.ActiveCfg = Release|iPhoneSimulator
		{4D552713-4321-4406-B042-A436C7A01F0C}.Release|iPhoneSimulator.Build.0 = Release|iPhoneSimulator
		{4D552713-4321-4406-B042-A436C7A01F0C}.Debug|iPhone.ActiveCfg = Debug|iPhone
		{4D552713-4321-4406-B042-A436C7A01F0C}.Debug|iPhone.Build.0 = Debug|iPhone
		{4D552713-4321-4406-B042-A436C7A01F0C}.UnitTesting|iPhoneSimulator.ActiveCfg = Debug|iPhoneSimulator
		{8F10F4A6-47A9-43BE-89AF-0018CB9E2789}.Debug|Any CPU.ActiveCfg = Debug|Any CPU
		{8F10F4A6-47A9-43BE-89AF-0018CB9E2789}.Release|Any CPU.ActiveCfg = Release|Any CPU
		{8F10F4A6-47A9-43BE-89AF-0018CB9E2789}.Debug|iPhoneSimulator.ActiveCfg = Debug|Any CPU
		{8F10F4A6-47A9-43BE-89AF-0018CB9E2789}.Debug|iPhoneSimulator.Build.0 = Debug|Any CPU
		{8F10F4A6-47A9-43BE-89AF-0018CB9E2789}.Release|iPhone.ActiveCfg = Release|Any CPU
		{8F10F4A6-47A9-43BE-89AF-0018CB9E2789}.Release|iPhone.Build.0 = Release|Any CPU
		{8F10F4A6-47A9-43BE-89AF-0018CB9E2789}.Release|iPhoneSimulator.ActiveCfg = Release|Any CPU
		{8F10F4A6-47A9-43BE-89AF-0018CB9E2789}.Release|iPhoneSimulator.Build.0 = Release|Any CPU
		{8F10F4A6-47A9-43BE-89AF-0018CB9E2789}.Debug|iPhone.ActiveCfg = Debug|Any CPU
		{8F10F4A6-47A9-43BE-89AF-0018CB9E2789}.Debug|iPhone.Build.0 = Debug|Any CPU
		{8F10F4A6-47A9-43BE-89AF-0018CB9E2789}.UnitTesting|iPhoneSimulator.ActiveCfg = Debug|Any CPU
	EndGlobalSection
	GlobalSection(NestedProjects) = preSolution
		{191044CD-4640-4597-A282-EBCC2EDBCCD0} = {FF88C12B-BADA-41BB-B3A5-99A02719D083}
		{7E25B8AA-5D8E-4838-8BD6-1FB429F78011} = {FF88C12B-BADA-41BB-B3A5-99A02719D083}
		{5876E235-5BC5-42BE-87A9-514A708CAB81} = {FF88C12B-BADA-41BB-B3A5-99A02719D083}
		{0005A9B5-F459-4E63-9376-C46AA24545FD} = {FF88C12B-BADA-41BB-B3A5-99A02719D083}
		{AB23EA4C-1E33-426D-8140-623AA1112933} = {1F6939EF-731F-4D37-B894-0A1A2C3D37BB}
		{41007865-C491-4E20-90CB-68E08F5642C8} = {1F6939EF-731F-4D37-B894-0A1A2C3D37BB}
		{BC390FFC-A939-40AA-87AB-8BD3F360FD20} = {1F6939EF-731F-4D37-B894-0A1A2C3D37BB}
		{EFB9D1AC-A80B-4264-BC64-1145520F4024} = {C9A33F2B-52DB-45DA-9D84-DD42AC79EAC5}
		{8F10F4A6-47A9-43BE-89AF-0018CB9E2789} = {C9A33F2B-52DB-45DA-9D84-DD42AC79EAC5}
		{4D552713-4321-4406-B042-A436C7A01F0C} = {C9A33F2B-52DB-45DA-9D84-DD42AC79EAC5}
		{9222A13F-561B-431E-8A00-5B266C2BC901} = {FF88C12B-BADA-41BB-B3A5-99A02719D083}
	EndGlobalSection
EndGlobal
